
Microsoft Visual Studio Solution File, Format Version 12.00
Project("{FAE04EC0-301F-11D3-BF4B-00C04F79EFBC}") = "slidegridx", "slidegridx\slidegridx.csproj", "{900484E4-E33F-4DDC-B583-4DA038D3B219}"
EndProject
Global
	GlobalSection(SolutionConfigurationPlatforms) = preSolution
		Debug|Any CPU = Debug|Any CPU
		Release|Any CPU = Release|Any CPU
	EndGlobalSection
	GlobalSection(ProjectConfigurationPlatforms) = postSolution
		{900484E4-E33F-4DDC-B583-4DA038D3B219}.Debug|Any CPU.ActiveCfg = Debug|Any CPU
		{900484E4-E33F-4DDC-B583-4DA038D3B219}.Debug|Any CPU.Build.0 = Debug|Any CPU
		{900484E4-E33F-4DDC-B583-4DA038D3B219}.Release|Any CPU.ActiveCfg = Release|Any CPU
		{900484E4-E33F-4DDC-B583-4DA038D3B219}.Release|Any CPU.Build.0 = Release|Any CPU
	EndGlobalSection
EndGlobal
